
Microsoft Visual Studio Solution File, Format Version 12.00
# Visual Studio Version 17
VisualStudioVersion = 17.0.32112.339
MinimumVisualStudioVersion = 10.0.40219.1
Project("{FAE04EC0-301F-11D3-BF4B-00C04F79EFBC}") = "Hellow", "Hellow\Hellow.csproj", "{DEE43351-F9B3-472B-93D7-8BA4AEC5DAAC}"
EndProject
Global
	GlobalSection(SolutionConfigurationPlatforms) = preSolution
		Debug|Any CPU = Debug|Any CPU
		Release|Any CPU = Release|Any CPU
	EndGlobalSection
	GlobalSection(ProjectConfigurationPlatforms) = postSolution
		{DEE43351-F9B3-472B-93D7-8BA4AEC5DAAC}.Debug|Any CPU.ActiveCfg = Debug|Any CPU
		{DEE43351-F9B3-472B-93D7-8BA4AEC5DAAC}.Debug|Any CPU.Build.0 = Debug|Any CPU
		{DEE43351-F9B3-472B-93D7-8BA4AEC5DAAC}.Release|Any CPU.ActiveCfg = Release|Any CPU
		{DEE43351-F9B3-472B-93D7-8BA4AEC5DAAC}.Release|Any CPU.Build.0 = Release|Any CPU
	EndGlobalSection
	GlobalSection(SolutionProperties) = preSolution
		HideSolutionNode = FALSE
	EndGlobalSection
	GlobalSection(ExtensibilityGlobals) = postSolution
		SolutionGuid = {02786451-E838-43B0-A181-F77CEB0D81D8}
	EndGlobalSection
EndGlobal
